
Microsoft Visual Studio Solution File, Format Version 12.00
# Visual Studio Version 16
VisualStudioVersion = 16.0.29209.62
MinimumVisualStudioVersion = 10.0.40219.1
Project("{FAE04EC0-301F-11D3-BF4B-00C04F79EFBC}") = "Crucigrama 2.0", "Crucigrama 2.0.csproj", "{1E856346-2261-4306-93E1-8178CBAACFCC}"
EndProject
Global
	GlobalSection(SolutionConfigurationPlatforms) = preSolution
		Debug|Any CPU = Debug|Any CPU
		Release|Any CPU = Release|Any CPU
	EndGlobalSection
	GlobalSection(ProjectConfigurationPlatforms) = postSolution
		{1E856346-2261-4306-93E1-8178CBAACFCC}.Debug|Any CPU.ActiveCfg = Debug|Any CPU
		{1E856346-2261-4306-93E1-8178CBAACFCC}.Debug|Any CPU.Build.0 = Debug|Any CPU
		{1E856346-2261-4306-93E1-8178CBAACFCC}.Release|Any CPU.ActiveCfg = Release|Any CPU
		{1E856346-2261-4306-93E1-8178CBAACFCC}.Release|Any CPU.Build.0 = Release|Any CPU
	EndGlobalSection
	GlobalSection(SolutionProperties) = preSolution
		HideSolutionNode = FALSE
	EndGlobalSection
	GlobalSection(ExtensibilityGlobals) = postSolution
		SolutionGuid = {6B81B828-8D3C-4B01-91A0-04DC9B690BA6}
	EndGlobalSection
EndGlobal
